
Microsoft Visual Studio Solution File, Format Version 12.00
# Visual Studio Version 17
VisualStudioVersion = 17.13.35919.96 d17.13
MinimumVisualStudioVersion = 10.0.40219.1
Project("{FAE04EC0-301F-11D3-BF4B-00C04F79EFBC}") = "Login", "Login\Login.csproj", "{FAC67BF6-7927-46E2-ADBE-4AE4023D9A87}"
EndProject
Global
	GlobalSection(SolutionConfigurationPlatforms) = preSolution
		Debug|Any CPU = Debug|Any CPU
		Release|Any CPU = Release|Any CPU
	EndGlobalSection
	GlobalSection(ProjectConfigurationPlatforms) = postSolution
		{FAC67BF6-7927-46E2-ADBE-4AE4023D9A87}.Debug|Any CPU.ActiveCfg = Debug|Any CPU
		{FAC67BF6-7927-46E2-ADBE-4AE4023D9A87}.Debug|Any CPU.Build.0 = Debug|Any CPU
		{FAC67BF6-7927-46E2-ADBE-4AE4023D9A87}.Release|Any CPU.ActiveCfg = Release|Any CPU
		{FAC67BF6-7927-46E2-ADBE-4AE4023D9A87}.Release|Any CPU.Build.0 = Release|Any CPU
	EndGlobalSection
	GlobalSection(SolutionProperties) = preSolution
		HideSolutionNode = FALSE
	EndGlobalSection
	GlobalSection(ExtensibilityGlobals) = postSolution
		SolutionGuid = {EFBA22C9-88A6-4963-BB1E-116B13985970}
	EndGlobalSection
EndGlobal
